// !$*UTF8*$!
{
	archiveVersion = 1;
	classes = {
	};
	objectVersion = 50;
	objects = {

/* Begin PBXBuildFile section */
		514FF0BA2357350800966CC2 /* CoordinatorComponentsTests.swift in Sources */ = {isa = PBXBuildFile; fileRef = 514FF0B92357350800966CC2 /* CoordinatorComponentsTests.swift */; };
		51C870BC2354C7E700294BB9 /* Coordinator.framework in Frameworks */ = {isa = PBXBuildFile; fileRef = 51C870B22354C7E700294BB9 /* Coordinator.framework */; };
		51C870C12354C7E700294BB9 /* CoordinatorTests.swift in Sources */ = {isa = PBXBuildFile; fileRef = 51C870C02354C7E700294BB9 /* CoordinatorTests.swift */; };
		51C870C32354C7E700294BB9 /* Coordinator.h in Headers */ = {isa = PBXBuildFile; fileRef = 51C870B52354C7E700294BB9 /* Coordinator.h */; settings = {ATTRIBUTES = (Public, ); }; };
		51C870D32354CAB400294BB9 /* AppDelegate.swift in Sources */ = {isa = PBXBuildFile; fileRef = 51C870D22354CAB400294BB9 /* AppDelegate.swift */; };
		51C870D52354CAB400294BB9 /* SceneDelegate.swift in Sources */ = {isa = PBXBuildFile; fileRef = 51C870D42354CAB400294BB9 /* SceneDelegate.swift */; };
		51C870D72354CAB400294BB9 /* FirstViewController.swift in Sources */ = {isa = PBXBuildFile; fileRef = 51C870D62354CAB400294BB9 /* FirstViewController.swift */; };
		51C870D92354CAB400294BB9 /* SecondViewController.swift in Sources */ = {isa = PBXBuildFile; fileRef = 51C870D82354CAB400294BB9 /* SecondViewController.swift */; };
		51C870DC2354CAB400294BB9 /* Main.storyboard in Resources */ = {isa = PBXBuildFile; fileRef = 51C870DA2354CAB400294BB9 /* Main.storyboard */; };
		51C870DE2354CAB600294BB9 /* Assets.xcassets in Resources */ = {isa = PBXBuildFile; fileRef = 51C870DD2354CAB600294BB9 /* Assets.xcassets */; };
		51C870E12354CAB600294BB9 /* LaunchScreen.storyboard in Resources */ = {isa = PBXBuildFile; fileRef = 51C870DF2354CAB600294BB9 /* LaunchScreen.storyboard */; };
		51C870E72354D10C00294BB9 /* Coordinator.swift in Sources */ = {isa = PBXBuildFile; fileRef = 51C870E62354D10C00294BB9 /* Coordinator.swift */; };
		51C870E82354D10C00294BB9 /* Coordinator.swift in Sources */ = {isa = PBXBuildFile; fileRef = 51C870E62354D10C00294BB9 /* Coordinator.swift */; };
		51C870F62354D17100294BB9 /* TabBarCoordinator.swift in Sources */ = {isa = PBXBuildFile; fileRef = 51C870EA2354D17100294BB9 /* TabBarCoordinator.swift */; };
		51C870F72354D17100294BB9 /* TabBarCoordinator.swift in Sources */ = {isa = PBXBuildFile; fileRef = 51C870EA2354D17100294BB9 /* TabBarCoordinator.swift */; };
		51C870FA2354D17100294BB9 /* NavCoordinator.swift in Sources */ = {isa = PBXBuildFile; fileRef = 51C870EC2354D17100294BB9 /* NavCoordinator.swift */; };
		51C870FB2354D17100294BB9 /* NavCoordinator.swift in Sources */ = {isa = PBXBuildFile; fileRef = 51C870EC2354D17100294BB9 /* NavCoordinator.swift */; };
		51C870FE2354D17100294BB9 /* CoordinatorComponents.swift in Sources */ = {isa = PBXBuildFile; fileRef = 51C870EF2354D17100294BB9 /* CoordinatorComponents.swift */; };
		51C870FF2354D17100294BB9 /* CoordinatorComponents.swift in Sources */ = {isa = PBXBuildFile; fileRef = 51C870EF2354D17100294BB9 /* CoordinatorComponents.swift */; };
		51C871002354D17100294BB9 /* ParentCoordinatorDelegate.swift in Sources */ = {isa = PBXBuildFile; fileRef = 51C870F12354D17100294BB9 /* ParentCoordinatorDelegate.swift */; };
		51C871012354D17100294BB9 /* ParentCoordinatorDelegate.swift in Sources */ = {isa = PBXBuildFile; fileRef = 51C870F12354D17100294BB9 /* ParentCoordinatorDelegate.swift */; };
		51C871022354D17100294BB9 /* TabBarPresenter.swift in Sources */ = {isa = PBXBuildFile; fileRef = 51C870F32354D17100294BB9 /* TabBarPresenter.swift */; };
		51C871032354D17100294BB9 /* TabBarPresenter.swift in Sources */ = {isa = PBXBuildFile; fileRef = 51C870F32354D17100294BB9 /* TabBarPresenter.swift */; };
		51C871042354D17100294BB9 /* ModalPresenter.swift in Sources */ = {isa = PBXBuildFile; fileRef = 51C870F42354D17100294BB9 /* ModalPresenter.swift */; };
		51C871052354D17100294BB9 /* ModalPresenter.swift in Sources */ = {isa = PBXBuildFile; fileRef = 51C870F42354D17100294BB9 /* ModalPresenter.swift */; };
		51C871062354D17100294BB9 /* NavigationPresenter.swift in Sources */ = {isa = PBXBuildFile; fileRef = 51C870F52354D17100294BB9 /* NavigationPresenter.swift */; };
		51C871072354D17100294BB9 /* NavigationPresenter.swift in Sources */ = {isa = PBXBuildFile; fileRef = 51C870F52354D17100294BB9 /* NavigationPresenter.swift */; };
		51C871092354F1BC00294BB9 /* NavCoordinatorTests.swift in Sources */ = {isa = PBXBuildFile; fileRef = 51C871082354F1BC00294BB9 /* NavCoordinatorTests.swift */; };
		51C8710B2354F29400294BB9 /* MockerFactory.swift in Sources */ = {isa = PBXBuildFile; fileRef = 51C8710A2354F29400294BB9 /* MockerFactory.swift */; };
		51C8710D2355C4E400294BB9 /* TabBarCoordinatorTests.swift in Sources */ = {isa = PBXBuildFile; fileRef = 51C8710C2355C4E400294BB9 /* TabBarCoordinatorTests.swift */; };
/* End PBXBuildFile section */

/* Begin PBXContainerItemProxy section */
		51C870BD2354C7E700294BB9 /* PBXContainerItemProxy */ = {
			isa = PBXContainerItemProxy;
			containerPortal = 51C870A92354C7E700294BB9 /* Project object */;
			proxyType = 1;
			remoteGlobalIDString = 51C870B12354C7E700294BB9;
			remoteInfo = Coordinator;
		};
/* End PBXContainerItemProxy section */

/* Begin PBXFileReference section */
		514FF0B92357350800966CC2 /* CoordinatorComponentsTests.swift */ = {isa = PBXFileReference; lastKnownFileType = sourcecode.swift; path = CoordinatorComponentsTests.swift; sourceTree = "<group>"; };
		51C870B22354C7E700294BB9 /* Coordinator.framework */ = {isa = PBXFileReference; explicitFileType = wrapper.framework; includeInIndex = 0; path = Coordinator.framework; sourceTree = BUILT_PRODUCTS_DIR; };
		51C870B52354C7E700294BB9 /* Coordinator.h */ = {isa = PBXFileReference; lastKnownFileType = sourcecode.c.h; path = Coordinator.h; sourceTree = "<group>"; };
		51C870B62354C7E700294BB9 /* Info.plist */ = {isa = PBXFileReference; lastKnownFileType = text.plist.xml; path = Info.plist; sourceTree = "<group>"; };
		51C870BB2354C7E700294BB9 /* CoordinatorTests.xctest */ = {isa = PBXFileReference; explicitFileType = wrapper.cfbundle; includeInIndex = 0; path = CoordinatorTests.xctest; sourceTree = BUILT_PRODUCTS_DIR; };
		51C870C02354C7E700294BB9 /* CoordinatorTests.swift */ = {isa = PBXFileReference; lastKnownFileType = sourcecode.swift; path = CoordinatorTests.swift; sourceTree = "<group>"; };
		51C870C22354C7E700294BB9 /* Info.plist */ = {isa = PBXFileReference; lastKnownFileType = text.plist.xml; path = Info.plist; sourceTree = "<group>"; };
		51C870D02354CAB400294BB9 /* CoordinatorExamples.app */ = {isa = PBXFileReference; explicitFileType = wrapper.application; includeInIndex = 0; path = CoordinatorExamples.app; sourceTree = BUILT_PRODUCTS_DIR; };
		51C870D22354CAB400294BB9 /* AppDelegate.swift */ = {isa = PBXFileReference; lastKnownFileType = sourcecode.swift; path = AppDelegate.swift; sourceTree = "<group>"; };
		51C870D42354CAB400294BB9 /* SceneDelegate.swift */ = {isa = PBXFileReference; lastKnownFileType = sourcecode.swift; path = SceneDelegate.swift; sourceTree = "<group>"; };
		51C870D62354CAB400294BB9 /* FirstViewController.swift */ = {isa = PBXFileReference; lastKnownFileType = sourcecode.swift; path = FirstViewController.swift; sourceTree = "<group>"; };
		51C870D82354CAB400294BB9 /* SecondViewController.swift */ = {isa = PBXFileReference; lastKnownFileType = sourcecode.swift; path = SecondViewController.swift; sourceTree = "<group>"; };
		51C870DB2354CAB400294BB9 /* Base */ = {isa = PBXFileReference; lastKnownFileType = file.storyboard; name = Base; path = Base.lproj/Main.storyboard; sourceTree = "<group>"; };
		51C870DD2354CAB600294BB9 /* Assets.xcassets */ = {isa = PBXFileReference; lastKnownFileType = folder.assetcatalog; path = Assets.xcassets; sourceTree = "<group>"; };
		51C870E02354CAB600294BB9 /* Base */ = {isa = PBXFileReference; lastKnownFileType = file.storyboard; name = Base; path = Base.lproj/LaunchScreen.storyboard; sourceTree = "<group>"; };
		51C870E22354CAB600294BB9 /* Info.plist */ = {isa = PBXFileReference; lastKnownFileType = text.plist.xml; path = Info.plist; sourceTree = "<group>"; };
		51C870E62354D10C00294BB9 /* Coordinator.swift */ = {isa = PBXFileReference; lastKnownFileType = sourcecode.swift; path = Coordinator.swift; sourceTree = "<group>"; };
		51C870EA2354D17100294BB9 /* TabBarCoordinator.swift */ = {isa = PBXFileReference; fileEncoding = 4; lastKnownFileType = sourcecode.swift; path = TabBarCoordinator.swift; sourceTree = "<group>"; };
		51C870EC2354D17100294BB9 /* NavCoordinator.swift */ = {isa = PBXFileReference; fileEncoding = 4; lastKnownFileType = sourcecode.swift; path = NavCoordinator.swift; sourceTree = "<group>"; };
		51C870EF2354D17100294BB9 /* CoordinatorComponents.swift */ = {isa = PBXFileReference; fileEncoding = 4; lastKnownFileType = sourcecode.swift; path = CoordinatorComponents.swift; sourceTree = "<group>"; };
		51C870F12354D17100294BB9 /* ParentCoordinatorDelegate.swift */ = {isa = PBXFileReference; fileEncoding = 4; lastKnownFileType = sourcecode.swift; path = ParentCoordinatorDelegate.swift; sourceTree = "<group>"; };
		51C870F32354D17100294BB9 /* TabBarPresenter.swift */ = {isa = PBXFileReference; fileEncoding = 4; lastKnownFileType = sourcecode.swift; path = TabBarPresenter.swift; sourceTree = "<group>"; };
		51C870F42354D17100294BB9 /* ModalPresenter.swift */ = {isa = PBXFileReference; fileEncoding = 4; lastKnownFileType = sourcecode.swift; path = ModalPresenter.swift; sourceTree = "<group>"; };
		51C870F52354D17100294BB9 /* NavigationPresenter.swift */ = {isa = PBXFileReference; fileEncoding = 4; lastKnownFileType = sourcecode.swift; path = NavigationPresenter.swift; sourceTree = "<group>"; };
		51C871082354F1BC00294BB9 /* NavCoordinatorTests.swift */ = {isa = PBXFileReference; lastKnownFileType = sourcecode.swift; path = NavCoordinatorTests.swift; sourceTree = "<group>"; };
		51C8710A2354F29400294BB9 /* MockerFactory.swift */ = {isa = PBXFileReference; lastKnownFileType = sourcecode.swift; path = MockerFactory.swift; sourceTree = "<group>"; };
		51C8710C2355C4E400294BB9 /* TabBarCoordinatorTests.swift */ = {isa = PBXFileReference; lastKnownFileType = sourcecode.swift; path = TabBarCoordinatorTests.swift; sourceTree = "<group>"; };
/* End PBXFileReference section */

/* Begin PBXFrameworksBuildPhase section */
		51C870AF2354C7E700294BB9 /* Frameworks */ = {
			isa = PBXFrameworksBuildPhase;
			buildActionMask = 2147483647;
			files = (
			);
			runOnlyForDeploymentPostprocessing = 0;
		};
		51C870B82354C7E700294BB9 /* Frameworks */ = {
			isa = PBXFrameworksBuildPhase;
			buildActionMask = 2147483647;
			files = (
				51C870BC2354C7E700294BB9 /* Coordinator.framework in Frameworks */,
			);
			runOnlyForDeploymentPostprocessing = 0;
		};
		51C870CD2354CAB400294BB9 /* Frameworks */ = {
			isa = PBXFrameworksBuildPhase;
			buildActionMask = 2147483647;
			files = (
			);
			runOnlyForDeploymentPostprocessing = 0;
		};
/* End PBXFrameworksBuildPhase section */

/* Begin PBXGroup section */
		51C870A82354C7E700294BB9 = {
			isa = PBXGroup;
			children = (
				51C870B42354C7E700294BB9 /* Coordinator */,
				51C870BF2354C7E700294BB9 /* CoordinatorTests */,
				51C870D12354CAB400294BB9 /* CoordinatorExamples */,
				51C870B32354C7E700294BB9 /* Products */,
			);
			sourceTree = "<group>";
		};
		51C870B32354C7E700294BB9 /* Products */ = {
			isa = PBXGroup;
			children = (
				51C870B22354C7E700294BB9 /* Coordinator.framework */,
				51C870BB2354C7E700294BB9 /* CoordinatorTests.xctest */,
				51C870D02354CAB400294BB9 /* CoordinatorExamples.app */,
			);
			name = Products;
			sourceTree = "<group>";
		};
		51C870B42354C7E700294BB9 /* Coordinator */ = {
			isa = PBXGroup;
			children = (
				51C870E62354D10C00294BB9 /* Coordinator.swift */,
				51C870EE2354D17100294BB9 /* Components */,
				51C870E92354D17100294BB9 /* iOS Coordinators */,
				51C870F02354D17100294BB9 /* ParentCoordinatorDelegate */,
				51C870F22354D17100294BB9 /* Presenters */,
				51C870B52354C7E700294BB9 /* Coordinator.h */,
				51C870B62354C7E700294BB9 /* Info.plist */,
			);
			path = Coordinator;
			sourceTree = "<group>";
		};
		51C870BF2354C7E700294BB9 /* CoordinatorTests */ = {
			isa = PBXGroup;
			children = (
				51C8710A2354F29400294BB9 /* MockerFactory.swift */,
				51C870C02354C7E700294BB9 /* CoordinatorTests.swift */,
				514FF0B92357350800966CC2 /* CoordinatorComponentsTests.swift */,
				51C871082354F1BC00294BB9 /* NavCoordinatorTests.swift */,
				51C8710C2355C4E400294BB9 /* TabBarCoordinatorTests.swift */,
				51C870C22354C7E700294BB9 /* Info.plist */,
			);
			path = CoordinatorTests;
			sourceTree = "<group>";
		};
		51C870D12354CAB400294BB9 /* CoordinatorExamples */ = {
			isa = PBXGroup;
			children = (
				51C870D22354CAB400294BB9 /* AppDelegate.swift */,
				51C870D42354CAB400294BB9 /* SceneDelegate.swift */,
				51C870D62354CAB400294BB9 /* FirstViewController.swift */,
				51C870D82354CAB400294BB9 /* SecondViewController.swift */,
				51C870DA2354CAB400294BB9 /* Main.storyboard */,
				51C870DD2354CAB600294BB9 /* Assets.xcassets */,
				51C870DF2354CAB600294BB9 /* LaunchScreen.storyboard */,
				51C870E22354CAB600294BB9 /* Info.plist */,
			);
			path = CoordinatorExamples;
			sourceTree = "<group>";
		};
		51C870E92354D17100294BB9 /* iOS Coordinators */ = {
			isa = PBXGroup;
			children = (
				51C870EC2354D17100294BB9 /* NavCoordinator.swift */,
				51C870EA2354D17100294BB9 /* TabBarCoordinator.swift */,
			);
			path = "iOS Coordinators";
			sourceTree = "<group>";
		};
		51C870EE2354D17100294BB9 /* Components */ = {
			isa = PBXGroup;
			children = (
				51C870EF2354D17100294BB9 /* CoordinatorComponents.swift */,
			);
			path = Components;
			sourceTree = "<group>";
		};
		51C870F02354D17100294BB9 /* ParentCoordinatorDelegate */ = {
			isa = PBXGroup;
			children = (
				51C870F12354D17100294BB9 /* ParentCoordinatorDelegate.swift */,
			);
			path = ParentCoordinatorDelegate;
			sourceTree = "<group>";
		};
		51C870F22354D17100294BB9 /* Presenters */ = {
			isa = PBXGroup;
			children = (
				51C870F42354D17100294BB9 /* ModalPresenter.swift */,
				51C870F52354D17100294BB9 /* NavigationPresenter.swift */,
				51C870F32354D17100294BB9 /* TabBarPresenter.swift */,
			);
			path = Presenters;
			sourceTree = "<group>";
		};
/* End PBXGroup section */

/* Begin PBXHeadersBuildPhase section */
		51C870AD2354C7E700294BB9 /* Headers */ = {
			isa = PBXHeadersBuildPhase;
			buildActionMask = 2147483647;
			files = (
				51C870C32354C7E700294BB9 /* Coordinator.h in Headers */,
			);
			runOnlyForDeploymentPostprocessing = 0;
		};
/* End PBXHeadersBuildPhase section */

/* Begin PBXNativeTarget section */
		51C870B12354C7E700294BB9 /* Coordinator */ = {
			isa = PBXNativeTarget;
			buildConfigurationList = 51C870C62354C7E700294BB9 /* Build configuration list for PBXNativeTarget "Coordinator" */;
			buildPhases = (
				51C870AD2354C7E700294BB9 /* Headers */,
				51C870AE2354C7E700294BB9 /* Sources */,
				51C870AF2354C7E700294BB9 /* Frameworks */,
				51C870B02354C7E700294BB9 /* Resources */,
			);
			buildRules = (
			);
			dependencies = (
			);
			name = Coordinator;
			productName = Coordinator;
			productReference = 51C870B22354C7E700294BB9 /* Coordinator.framework */;
			productType = "com.apple.product-type.framework";
		};
		51C870BA2354C7E700294BB9 /* CoordinatorTests */ = {
			isa = PBXNativeTarget;
			buildConfigurationList = 51C870C92354C7E700294BB9 /* Build configuration list for PBXNativeTarget "CoordinatorTests" */;
			buildPhases = (
				51C870B72354C7E700294BB9 /* Sources */,
				51C870B82354C7E700294BB9 /* Frameworks */,
				51C870B92354C7E700294BB9 /* Resources */,
			);
			buildRules = (
			);
			dependencies = (
				51C870BE2354C7E700294BB9 /* PBXTargetDependency */,
			);
			name = CoordinatorTests;
			productName = CoordinatorTests;
			productReference = 51C870BB2354C7E700294BB9 /* CoordinatorTests.xctest */;
			productType = "com.apple.product-type.bundle.unit-test";
		};
		51C870CF2354CAB400294BB9 /* CoordinatorExamples */ = {
			isa = PBXNativeTarget;
			buildConfigurationList = 51C870E32354CAB600294BB9 /* Build configuration list for PBXNativeTarget "CoordinatorExamples" */;
			buildPhases = (
				51C870CC2354CAB400294BB9 /* Sources */,
				51C870CD2354CAB400294BB9 /* Frameworks */,
				51C870CE2354CAB400294BB9 /* Resources */,
			);
			buildRules = (
			);
			dependencies = (
			);
			name = CoordinatorExamples;
			productName = CoordinatorExamples;
			productReference = 51C870D02354CAB400294BB9 /* CoordinatorExamples.app */;
			productType = "com.apple.product-type.application";
		};
/* End PBXNativeTarget section */

/* Begin PBXProject section */
		51C870A92354C7E700294BB9 /* Project object */ = {
			isa = PBXProject;
			attributes = {
				LastSwiftUpdateCheck = 1100;
				LastUpgradeCheck = 1100;
				ORGANIZATIONNAME = "Mathis Detourbet";
				TargetAttributes = {
					51C870B12354C7E700294BB9 = {
						CreatedOnToolsVersion = 11.0;
						LastSwiftMigration = 1100;
					};
					51C870BA2354C7E700294BB9 = {
						CreatedOnToolsVersion = 11.0;
					};
					51C870CF2354CAB400294BB9 = {
						CreatedOnToolsVersion = 11.0;
					};
				};
			};
			buildConfigurationList = 51C870AC2354C7E700294BB9 /* Build configuration list for PBXProject "Coordinator" */;
			compatibilityVersion = "Xcode 9.3";
			developmentRegion = en;
			hasScannedForEncodings = 0;
			knownRegions = (
				en,
				Base,
			);
			mainGroup = 51C870A82354C7E700294BB9;
			productRefGroup = 51C870B32354C7E700294BB9 /* Products */;
			projectDirPath = "";
			projectRoot = "";
			targets = (
				51C870B12354C7E700294BB9 /* Coordinator */,
				51C870BA2354C7E700294BB9 /* CoordinatorTests */,
				51C870CF2354CAB400294BB9 /* CoordinatorExamples */,
			);
		};
/* End PBXProject section */

/* Begin PBXResourcesBuildPhase section */
		51C870B02354C7E700294BB9 /* Resources */ = {
			isa = PBXResourcesBuildPhase;
			buildActionMask = 2147483647;
			files = (
			);
			runOnlyForDeploymentPostprocessing = 0;
		};
		51C870B92354C7E700294BB9 /* Resources */ = {
			isa = PBXResourcesBuildPhase;
			buildActionMask = 2147483647;
			files = (
			);
			runOnlyForDeploymentPostprocessing = 0;
		};
		51C870CE2354CAB400294BB9 /* Resources */ = {
			isa = PBXResourcesBuildPhase;
			buildActionMask = 2147483647;
			files = (
				51C870E12354CAB600294BB9 /* LaunchScreen.storyboard in Resources */,
				51C870DE2354CAB600294BB9 /* Assets.xcassets in Resources */,
				51C870DC2354CAB400294BB9 /* Main.storyboard in Resources */,
			);
			runOnlyForDeploymentPostprocessing = 0;
		};
/* End PBXResourcesBuildPhase section */

/* Begin PBXSourcesBuildPhase section */
		51C870AE2354C7E700294BB9 /* Sources */ = {
			isa = PBXSourcesBuildPhase;
			buildActionMask = 2147483647;
			files = (
				51C871002354D17100294BB9 /* ParentCoordinatorDelegate.swift in Sources */,
				51C870FE2354D17100294BB9 /* CoordinatorComponents.swift in Sources */,
				51C871042354D17100294BB9 /* ModalPresenter.swift in Sources */,
				51C870FA2354D17100294BB9 /* NavCoordinator.swift in Sources */,
				51C871022354D17100294BB9 /* TabBarPresenter.swift in Sources */,
				51C870F62354D17100294BB9 /* TabBarCoordinator.swift in Sources */,
				51C871062354D17100294BB9 /* NavigationPresenter.swift in Sources */,
				51C870E72354D10C00294BB9 /* Coordinator.swift in Sources */,
			);
			runOnlyForDeploymentPostprocessing = 0;
		};
		51C870B72354C7E700294BB9 /* Sources */ = {
			isa = PBXSourcesBuildPhase;
			buildActionMask = 2147483647;
			files = (
				514FF0BA2357350800966CC2 /* CoordinatorComponentsTests.swift in Sources */,
				51C871092354F1BC00294BB9 /* NavCoordinatorTests.swift in Sources */,
				51C870C12354C7E700294BB9 /* CoordinatorTests.swift in Sources */,
				51C8710D2355C4E400294BB9 /* TabBarCoordinatorTests.swift in Sources */,
				51C8710B2354F29400294BB9 /* MockerFactory.swift in Sources */,
			);
			runOnlyForDeploymentPostprocessing = 0;
		};
		51C870CC2354CAB400294BB9 /* Sources */ = {
			isa = PBXSourcesBuildPhase;
			buildActionMask = 2147483647;
			files = (
				51C870FB2354D17100294BB9 /* NavCoordinator.swift in Sources */,
				51C871052354D17100294BB9 /* ModalPresenter.swift in Sources */,
				51C871072354D17100294BB9 /* NavigationPresenter.swift in Sources */,
				51C870D92354CAB400294BB9 /* SecondViewController.swift in Sources */,
				51C871012354D17100294BB9 /* ParentCoordinatorDelegate.swift in Sources */,
				51C871032354D17100294BB9 /* TabBarPresenter.swift in Sources */,
				51C870D72354CAB400294BB9 /* FirstViewController.swift in Sources */,
				51C870F72354D17100294BB9 /* TabBarCoordinator.swift in Sources */,
				51C870E82354D10C00294BB9 /* Coordinator.swift in Sources */,
				51C870D32354CAB400294BB9 /* AppDelegate.swift in Sources */,
				51C870FF2354D17100294BB9 /* CoordinatorComponents.swift in Sources */,
				51C870D52354CAB400294BB9 /* SceneDelegate.swift in Sources */,
			);
			runOnlyForDeploymentPostprocessing = 0;
		};
/* End PBXSourcesBuildPhase section */

/* Begin PBXTargetDependency section */
		51C870BE2354C7E700294BB9 /* PBXTargetDependency */ = {
			isa = PBXTargetDependency;
			target = 51C870B12354C7E700294BB9 /* Coordinator */;
			targetProxy = 51C870BD2354C7E700294BB9 /* PBXContainerItemProxy */;
		};
/* End PBXTargetDependency section */

/* Begin PBXVariantGroup section */
		51C870DA2354CAB400294BB9 /* Main.storyboard */ = {
			isa = PBXVariantGroup;
			children = (
				51C870DB2354CAB400294BB9 /* Base */,
			);
			name = Main.storyboard;
			sourceTree = "<group>";
		};
		51C870DF2354CAB600294BB9 /* LaunchScreen.storyboard */ = {
			isa = PBXVariantGroup;
			children = (
				51C870E02354CAB600294BB9 /* Base */,
			);
			name = LaunchScreen.storyboard;
			sourceTree = "<group>";
		};
/* End PBXVariantGroup section */

/* Begin XCBuildConfiguration section */
		51C870C42354C7E700294BB9 /* Debug */ = {
			isa = XCBuildConfiguration;
			buildSettings = {
				ALWAYS_SEARCH_USER_PATHS = NO;
				CLANG_ANALYZER_NONNULL = YES;
				CLANG_ANALYZER_NUMBER_OBJECT_CONVERSION = YES_AGGRESSIVE;
				CLANG_CXX_LANGUAGE_STANDARD = "gnu++14";
				CLANG_CXX_LIBRARY = "libc++";
				CLANG_ENABLE_MODULES = YES;
				CLANG_ENABLE_OBJC_ARC = YES;
				CLANG_ENABLE_OBJC_WEAK = YES;
				CLANG_WARN_BLOCK_CAPTURE_AUTORELEASING = YES;
				CLANG_WARN_BOOL_CONVERSION = YES;
				CLANG_WARN_COMMA = YES;
				CLANG_WARN_CONSTANT_CONVERSION = YES;
				CLANG_WARN_DEPRECATED_OBJC_IMPLEMENTATIONS = YES;
				CLANG_WARN_DIRECT_OBJC_ISA_USAGE = YES_ERROR;
				CLANG_WARN_DOCUMENTATION_COMMENTS = YES;
				CLANG_WARN_EMPTY_BODY = YES;
				CLANG_WARN_ENUM_CONVERSION = YES;
				CLANG_WARN_INFINITE_RECURSION = YES;
				CLANG_WARN_INT_CONVERSION = YES;
				CLANG_WARN_NON_LITERAL_NULL_CONVERSION = YES;
				CLANG_WARN_OBJC_IMPLICIT_RETAIN_SELF = YES;
				CLANG_WARN_OBJC_LITERAL_CONVERSION = YES;
				CLANG_WARN_OBJC_ROOT_CLASS = YES_ERROR;
				CLANG_WARN_RANGE_LOOP_ANALYSIS = YES;
				CLANG_WARN_STRICT_PROTOTYPES = YES;
				CLANG_WARN_SUSPICIOUS_MOVE = YES;
				CLANG_WARN_UNGUARDED_AVAILABILITY = YES_AGGRESSIVE;
				CLANG_WARN_UNREACHABLE_CODE = YES;
				CLANG_WARN__DUPLICATE_METHOD_MATCH = YES;
				COPY_PHASE_STRIP = NO;
				CURRENT_PROJECT_VERSION = 1;
				DEBUG_INFORMATION_FORMAT = dwarf;
				ENABLE_STRICT_OBJC_MSGSEND = YES;
				ENABLE_TESTABILITY = YES;
				GCC_C_LANGUAGE_STANDARD = gnu11;
				GCC_DYNAMIC_NO_PIC = NO;
				GCC_NO_COMMON_BLOCKS = YES;
				GCC_OPTIMIZATION_LEVEL = 0;
				GCC_PREPROCESSOR_DEFINITIONS = (
					"DEBUG=1",
					"$(inherited)",
				);
				GCC_WARN_64_TO_32_BIT_CONVERSION = YES;
				GCC_WARN_ABOUT_RETURN_TYPE = YES_ERROR;
				GCC_WARN_UNDECLARED_SELECTOR = YES;
				GCC_WARN_UNINITIALIZED_AUTOS = YES_AGGRESSIVE;
				GCC_WARN_UNUSED_FUNCTION = YES;
				GCC_WARN_UNUSED_VARIABLE = YES;
				IPHONEOS_DEPLOYMENT_TARGET = 13.0;
				MTL_ENABLE_DEBUG_INFO = INCLUDE_SOURCE;
				MTL_FAST_MATH = YES;
				ONLY_ACTIVE_ARCH = YES;
				SDKROOT = iphoneos;
				SWIFT_ACTIVE_COMPILATION_CONDITIONS = DEBUG;
				SWIFT_OPTIMIZATION_LEVEL = "-Onone";
				VERSIONING_SYSTEM = "apple-generic";
				VERSION_INFO_PREFIX = "";
			};
			name = Debug;
		};
		51C870C52354C7E700294BB9 /* Release */ = {
			isa = XCBuildConfiguration;
			buildSettings = {
				ALWAYS_SEARCH_USER_PATHS = NO;
				CLANG_ANALYZER_NONNULL = YES;
				CLANG_ANALYZER_NUMBER_OBJECT_CONVERSION = YES_AGGRESSIVE;
				CLANG_CXX_LANGUAGE_STANDARD = "gnu++14";
				CLANG_CXX_LIBRARY = "libc++";
				CLANG_ENABLE_MODULES = YES;
				CLANG_ENABLE_OBJC_ARC = YES;
				CLANG_ENABLE_OBJC_WEAK = YES;
				CLANG_WARN_BLOCK_CAPTURE_AUTORELEASING = YES;
				CLANG_WARN_BOOL_CONVERSION = YES;
				CLANG_WARN_COMMA = YES;
				CLANG_WARN_CONSTANT_CONVERSION = YES;
				CLANG_WARN_DEPRECATED_OBJC_IMPLEMENTATIONS = YES;
				CLANG_WARN_DIRECT_OBJC_ISA_USAGE = YES_ERROR;
				CLANG_WARN_DOCUMENTATION_COMMENTS = YES;
				CLANG_WARN_EMPTY_BODY = YES;
				CLANG_WARN_ENUM_CONVERSION = YES;
				CLANG_WARN_INFINITE_RECURSION = YES;
				CLANG_WARN_INT_CONVERSION = YES;
				CLANG_WARN_NON_LITERAL_NULL_CONVERSION = YES;
				CLANG_WARN_OBJC_IMPLICIT_RETAIN_SELF = YES;
				CLANG_WARN_OBJC_LITERAL_CONVERSION = YES;
				CLANG_WARN_OBJC_ROOT_CLASS = YES_ERROR;
				CLANG_WARN_RANGE_LOOP_ANALYSIS = YES;
				CLANG_WARN_STRICT_PROTOTYPES = YES;
				CLANG_WARN_SUSPICIOUS_MOVE = YES;
				CLANG_WARN_UNGUARDED_AVAILABILITY = YES_AGGRESSIVE;
				CLANG_WARN_UNREACHABLE_CODE = YES;
				CLANG_WARN__DUPLICATE_METHOD_MATCH = YES;
				COPY_PHASE_STRIP = NO;
				CURRENT_PROJECT_VERSION = 1;
				DEBUG_INFORMATION_FORMAT = "dwarf-with-dsym";
				ENABLE_NS_ASSERTIONS = NO;
				ENABLE_STRICT_OBJC_MSGSEND = YES;
				GCC_C_LANGUAGE_STANDARD = gnu11;
				GCC_NO_COMMON_BLOCKS = YES;
				GCC_WARN_64_TO_32_BIT_CONVERSION = YES;
				GCC_WARN_ABOUT_RETURN_TYPE = YES_ERROR;
				GCC_WARN_UNDECLARED_SELECTOR = YES;
				GCC_WARN_UNINITIALIZED_AUTOS = YES_AGGRESSIVE;
				GCC_WARN_UNUSED_FUNCTION = YES;
				GCC_WARN_UNUSED_VARIABLE = YES;
				IPHONEOS_DEPLOYMENT_TARGET = 13.0;
				MTL_ENABLE_DEBUG_INFO = NO;
				MTL_FAST_MATH = YES;
				SDKROOT = iphoneos;
				SWIFT_COMPILATION_MODE = wholemodule;
				SWIFT_OPTIMIZATION_LEVEL = "-O";
				VALIDATE_PRODUCT = YES;
				VERSIONING_SYSTEM = "apple-generic";
				VERSION_INFO_PREFIX = "";
			};
			name = Release;
		};
		51C870C72354C7E700294BB9 /* Debug */ = {
			isa = XCBuildConfiguration;
			buildSettings = {
				CLANG_ENABLE_MODULES = YES;
				CODE_SIGN_STYLE = Automatic;
				DEFINES_MODULE = YES;
				DEVELOPMENT_TEAM = LK3BSFY85C;
				DYLIB_COMPATIBILITY_VERSION = 1;
				DYLIB_CURRENT_VERSION = 1;
				DYLIB_INSTALL_NAME_BASE = "@rpath";
				INFOPLIST_FILE = Coordinator/Info.plist;
				INSTALL_PATH = "$(LOCAL_LIBRARY_DIR)/Frameworks";
				LD_RUNPATH_SEARCH_PATHS = (
					"$(inherited)",
					"@executable_path/Frameworks",
					"@loader_path/Frameworks",
				);
				PRODUCT_BUNDLE_IDENTIFIER = com.MathisDetourbet.Coordinator;
				PRODUCT_NAME = "$(TARGET_NAME:c99extidentifier)";
				SKIP_INSTALL = YES;
				SWIFT_OPTIMIZATION_LEVEL = "-Onone";
				SWIFT_VERSION = 5.0;
				TARGETED_DEVICE_FAMILY = "1,2";
			};
			name = Debug;
		};
		51C870C82354C7E700294BB9 /* Release */ = {
			isa = XCBuildConfiguration;
			buildSettings = {
				CLANG_ENABLE_MODULES = YES;
				CODE_SIGN_STYLE = Automatic;
				DEFINES_MODULE = YES;
				DEVELOPMENT_TEAM = LK3BSFY85C;
				DYLIB_COMPATIBILITY_VERSION = 1;
				DYLIB_CURRENT_VERSION = 1;
				DYLIB_INSTALL_NAME_BASE = "@rpath";
				INFOPLIST_FILE = Coordinator/Info.plist;
				INSTALL_PATH = "$(LOCAL_LIBRARY_DIR)/Frameworks";
				LD_RUNPATH_SEARCH_PATHS = (
					"$(inherited)",
					"@executable_path/Frameworks",
					"@loader_path/Frameworks",
				);
				PRODUCT_BUNDLE_IDENTIFIER = com.MathisDetourbet.Coordinator;
				PRODUCT_NAME = "$(TARGET_NAME:c99extidentifier)";
				SKIP_INSTALL = YES;
				SWIFT_VERSION = 5.0;
				TARGETED_DEVICE_FAMILY = "1,2";
			};
			name = Release;
		};
		51C870CA2354C7E700294BB9 /* Debug */ = {
			isa = XCBuildConfiguration;
			buildSettings = {
				ALWAYS_EMBED_SWIFT_STANDARD_LIBRARIES = YES;
				CODE_SIGN_STYLE = Automatic;
				DEVELOPMENT_TEAM = LK3BSFY85C;
				INFOPLIST_FILE = CoordinatorTests/Info.plist;
				LD_RUNPATH_SEARCH_PATHS = (
					"$(inherited)",
					"@executable_path/Frameworks",
					"@loader_path/Frameworks",
				);
				PRODUCT_BUNDLE_IDENTIFIER = com.MathisDetourbet.CoordinatorTests;
				PRODUCT_NAME = "$(TARGET_NAME)";
				SWIFT_VERSION = 5.0;
				TARGETED_DEVICE_FAMILY = "1,2";
			};
			name = Debug;
		};
		51C870CB2354C7E700294BB9 /* Release */ = {
			isa = XCBuildConfiguration;
			buildSettings = {
				ALWAYS_EMBED_SWIFT_STANDARD_LIBRARIES = YES;
				CODE_SIGN_STYLE = Automatic;
				DEVELOPMENT_TEAM = LK3BSFY85C;
				INFOPLIST_FILE = CoordinatorTests/Info.plist;
				LD_RUNPATH_SEARCH_PATHS = (
					"$(inherited)",
					"@executable_path/Frameworks",
					"@loader_path/Frameworks",
				);
				PRODUCT_BUNDLE_IDENTIFIER = com.MathisDetourbet.CoordinatorTests;
				PRODUCT_NAME = "$(TARGET_NAME)";
				SWIFT_VERSION = 5.0;
				TARGETED_DEVICE_FAMILY = "1,2";
			};
			name = Release;
		};
		51C870E42354CAB600294BB9 /* Debug */ = {
			isa = XCBuildConfiguration;
			buildSettings = {
				ASSETCATALOG_COMPILER_APPICON_NAME = AppIcon;
				CODE_SIGN_STYLE = Automatic;
				DEVELOPMENT_TEAM = LK3BSFY85C;
				INFOPLIST_FILE = CoordinatorExamples/Info.plist;
				LD_RUNPATH_SEARCH_PATHS = (
					"$(inherited)",
					"@executable_path/Frameworks",
				);
				PRODUCT_BUNDLE_IDENTIFIER = com.MathisDetourbet.CoordinatorExamples;
				PRODUCT_NAME = "$(TARGET_NAME)";
				SWIFT_VERSION = 5.0;
				TARGETED_DEVICE_FAMILY = "1,2";
			};
			name = Debug;
		};
		51C870E52354CAB600294BB9 /* Release */ = {
			isa = XCBuildConfiguration;
			buildSettings = {
				ASSETCATALOG_COMPILER_APPICON_NAME = AppIcon;
				CODE_SIGN_STYLE = Automatic;
				DEVELOPMENT_TEAM = LK3BSFY85C;
				INFOPLIST_FILE = CoordinatorExamples/Info.plist;
				LD_RUNPATH_SEARCH_PATHS = (
					"$(inherited)",
					"@executable_path/Frameworks",
				);
				PRODUCT_BUNDLE_IDENTIFIER = com.MathisDetourbet.CoordinatorExamples;
				PRODUCT_NAME = "$(TARGET_NAME)";
				SWIFT_VERSION = 5.0;
				TARGETED_DEVICE_FAMILY = "1,2";
			};
			name = Release;
		};
/* End XCBuildConfiguration section */

/* Begin XCConfigurationList section */
		51C870AC2354C7E700294BB9 /* Build configuration list for PBXProject "Coordinator" */ = {
			isa = XCConfigurationList;
			buildConfigurations = (
				51C870C42354C7E700294BB9 /* Debug */,
				51C870C52354C7E700294BB9 /* Release */,
			);
			defaultConfigurationIsVisible = 0;
			defaultConfigurationName = Release;
		};
		51C870C62354C7E700294BB9 /* Build configuration list for PBXNativeTarget "Coordinator" */ = {
			isa = XCConfigurationList;
			buildConfigurations = (
				51C870C72354C7E700294BB9 /* Debug */,
				51C870C82354C7E700294BB9 /* Release */,
			);
			defaultConfigurationIsVisible = 0;
			defaultConfigurationName = Release;
		};
		51C870C92354C7E700294BB9 /* Build configuration list for PBXNativeTarget "CoordinatorTests" */ = {
			isa = XCConfigurationList;
			buildConfigurations = (
				51C870CA2354C7E700294BB9 /* Debug */,
				51C870CB2354C7E700294BB9 /* Release */,
			);
			defaultConfigurationIsVisible = 0;
			defaultConfigurationName = Release;
		};
		51C870E32354CAB600294BB9 /* Build configuration list for PBXNativeTarget "CoordinatorExamples" */ = {
			isa = XCConfigurationList;
			buildConfigurations = (
				51C870E42354CAB600294BB9 /* Debug */,
				51C870E52354CAB600294BB9 /* Release */,
			);
			defaultConfigurationIsVisible = 0;
			defaultConfigurationName = Release;
		};
/* End XCConfigurationList section */
	};
	rootObject = 51C870A92354C7E700294BB9 /* Project object */;
}
